
Microsoft Visual Studio Solution File, Format Version 12.00
# Visual Studio 15
VisualStudioVersion = 15.0.27130.2010
MinimumVisualStudioVersion = 10.0.40219.1
Project("{FAE04EC0-301F-11D3-BF4B-00C04F79EFBC}") = "RepositoryServicePattern", "RepositoryServicePattern\RepositoryServicePattern.csproj", "{804658B7-E037-47AB-88A8-EDE1C7DEFD12}"
EndProject
Global
	GlobalSection(SolutionConfigurationPlatforms) = preSolution
		Debug|Any CPU = Debug|Any CPU
		Release|Any CPU = Release|Any CPU
	EndGlobalSection
	GlobalSection(ProjectConfigurationPlatforms) = postSolution
		{804658B7-E037-47AB-88A8-EDE1C7DEFD12}.Debug|Any CPU.ActiveCfg = Debug|Any CPU
		{804658B7-E037-47AB-88A8-EDE1C7DEFD12}.Debug|Any CPU.Build.0 = Debug|Any CPU
		{804658B7-E037-47AB-88A8-EDE1C7DEFD12}.Release|Any CPU.ActiveCfg = Release|Any CPU
		{804658B7-E037-47AB-88A8-EDE1C7DEFD12}.Release|Any CPU.Build.0 = Release|Any CPU
	EndGlobalSection
	GlobalSection(SolutionProperties) = preSolution
		HideSolutionNode = FALSE
	EndGlobalSection
	GlobalSection(ExtensibilityGlobals) = postSolution
		SolutionGuid = {4A227F04-0713-4471-B930-E78C56DDE40F}
	EndGlobalSection
EndGlobal
